<Solution>
  <Project Path="../ex2/ex2.csproj" Id="f822ccdc-48c3-4f42-8f16-58decf93cd32" />
  <Project Path="../ex3/ex3.csproj" Id="e7f32fae-316a-4701-adc8-fbb4068b0f5b" />
  <Project Path="../ex4/ex4.csproj" Id="c9e5af3c-e5d7-4174-a024-16704c80f9e7" />
  <Project Path="../ex5/ex5.csproj" Id="17b45520-ebf7-42e6-98ae-af6441855ed9" />
  <Project Path="ex1.csproj" />
</Solution>
